PODS:
  - Alamofire (4.8.0)
  - Inletclient (1.1.0):
    - Alamofire (~> 4.8.0)
    - RxCocoa (~> 4.4.0)
    - RxSwift (~> 4.4.0)
    - Sourcery (~> 0.15.0)
  - RxAtomic (4.4.0)
  - RxCocoa (4.4.0):
    - RxSwift (~> 4.0)
  - RxSwift (4.4.0):
    - RxAtomic (~> 4.4)
  - Sourcery (0.15.0)

DEPENDENCIES:
  - Inletclient (from `../`)

SPEC REPOS:
  https://github.com/cocoapods/specs.git:
    - Alamofire
    - RxAtomic
    - RxCocoa
    - RxSwift
    - Sourcery

EXTERNAL SOURCES:
  Inletclient:
    :path: "../"

SPEC CHECKSUMS:
  Alamofire: 3ec537f71edc9804815215393ae2b1a8ea33a844
  Inletclient: d2c8fbd4c3ae786a361a93e69656ac2350a115bd
  RxAtomic: eacf60db868c96bfd63320e28619fe29c179656f
  RxCocoa: df63ebf7b9a70d6b4eeea407ed5dd4efc8979749
  RxSwift: 5976ecd04fc2fefd648827c23de5e11157faa973
  Sourcery: 5895672cae353cdbfa95f3f4aaeb75a664d76f6a

PODFILE CHECKSUM: 7f791405bd2ce81a64bea9d419344c3dbaff33bf

COCOAPODS: 1.5.3
