PODS:
  - Alamofire (4.8.0)
  - Inletclient (1.0.16):
    - Alamofire
    - RxCocoa
    - RxSwift
  - RxAtomic (4.4.0)
  - RxCocoa (4.4.0):
    - RxSwift (~> 4.0)
  - RxSwift (4.4.0):
    - RxAtomic (~> 4.4)

DEPENDENCIES:
  - Inletclient (from `../`)

SPEC REPOS:
  https://github.com/cocoapods/specs.git:
    - Alamofire
    - RxAtomic
    - RxCocoa
    - RxSwift

EXTERNAL SOURCES:
  Inletclient:
    :path: "../"

SPEC CHECKSUMS:
  Alamofire: 3ec537f71edc9804815215393ae2b1a8ea33a844
  Inletclient: e2ee1d2ae13a5d6be46569eed0aa336bf0ebd55c
  RxAtomic: eacf60db868c96bfd63320e28619fe29c179656f
  RxCocoa: df63ebf7b9a70d6b4eeea407ed5dd4efc8979749
  RxSwift: 5976ecd04fc2fefd648827c23de5e11157faa973

PODFILE CHECKSUM: 7f791405bd2ce81a64bea9d419344c3dbaff33bf

COCOAPODS: 1.5.3
